
Microsoft Visual Studio Solution File, Format Version 12.00
# Visual Studio 15
VisualStudioVersion = 15.0.27703.2035
MinimumVisualStudioVersion = 10.0.40219.1
Project("{E24C65DC-7377-472B-9ABA-BC803B73C61A}") = "OrthoView", "OrthoView\", "{7447C966-DA9C-4FC6-A10E-D119BCA15007}"
	ProjectSection(WebsiteProperties) = preProject
		TargetFrameworkMoniker = ".NETFramework,Version%3Dv4.6.1"
		Debug.AspNetCompiler.VirtualPath = "/localhost_7669"
		Debug.AspNetCompiler.PhysicalPath = "OrthoView\"
		Debug.AspNetCompiler.TargetPath = "PrecompiledWeb\localhost_7669\"
		Debug.AspNetCompiler.Updateable = "true"
		Debug.AspNetCompiler.ForceOverwrite = "true"
		Debug.AspNetCompiler.FixedNames = "false"
		Debug.AspNetCompiler.Debug = "True"
		Release.AspNetCompiler.VirtualPath = "/localhost_7669"
		Release.AspNetCompiler.PhysicalPath = "OrthoView\"
		Release.AspNetCompiler.TargetPath = "PrecompiledWeb\localhost_7669\"
		Release.AspNetCompiler.Updateable = "true"
		Release.AspNetCompiler.ForceOverwrite = "true"
		Release.AspNetCompiler.FixedNames = "false"
		Release.AspNetCompiler.Debug = "False"
		VWDPort = "7669"
		SlnRelativePath = "OrthoView\"
		DefaultWebSiteLanguage = "Visual C#"
	EndProjectSection
EndProject
Global
	GlobalSection(SolutionConfigurationPlatforms) = preSolution
		Debug|Any CPU = Debug|Any CPU
	EndGlobalSection
	GlobalSection(ProjectConfigurationPlatforms) = postSolution
		{7447C966-DA9C-4FC6-A10E-D119BCA15007}.Debug|Any CPU.ActiveCfg = Debug|Any CPU
		{7447C966-DA9C-4FC6-A10E-D119BCA15007}.Debug|Any CPU.Build.0 = Debug|Any CPU
	EndGlobalSection
	GlobalSection(SolutionProperties) = preSolution
		HideSolutionNode = FALSE
	EndGlobalSection
	GlobalSection(ExtensibilityGlobals) = postSolution
		SolutionGuid = {6AE471BA-2121-46E9-823E-44F19D768A6E}
	EndGlobalSection
EndGlobal
